lockfileVersion: '9.0'

settings:
  autoInstallPeers: true
  excludeLinksFromLockfile: false

importers:

  .:
    dependencies:
      '@anthropic-ai/sdk':
        specifier: latest
        version: 0.101.0
      '@ledgerhq/context-module':
        specifier: latest
        version: 2.1.0(@ledgerhq/device-management-kit@1.5.1(rxjs@7.8.2))
      '@ledgerhq/device-management-kit':
        specifier: latest
        version: 1.5.1(rxjs@7.8.2)
      '@ledgerhq/device-signer-kit-ethereum':
        specifier: latest
        version: 1.16.0(@ledgerhq/context-module@2.1.0(@ledgerhq/device-management-kit@1.5.1(rxjs@7.8.2)))(@ledgerhq/device-management-kit@1.5.1(rxjs@7.8.2))
      '@ledgerhq/device-transport-kit-speculos':
        specifier: latest
        version: 1.2.1(@ledgerhq/device-management-kit@1.5.1(rxjs@7.8.2))(rxjs@7.8.2)
      dotenv:
        specifier: latest
        version: 17.4.2
      rxjs:
        specifier: latest
        version: 7.8.2
      viem:
        specifier: latest
        version: 2.52.2(typescript@6.0.3)
    devDependencies:
      '@types/node':
        specifier: latest
        version: 25.9.2
      esbuild:
        specifier: ^0.28.0
        version: 0.28.0
      tsx:
        specifier: latest
        version: 4.22.4
      typescript:
        specifier: latest
        version: 6.0.3

packages:

  '@adraffy/ens-normalize@1.10.1':
    resolution: {integrity: sha512-96Z2IP3mYmF1Xg2cDm8f1gWGf/HUVedQ3FMifV4kG/PQ4yEP51xDtRAEfhVNt5f/uzpNkZHwWQuUcu6D6K+Ekw==}

  '@adraffy/ens-normalize@1.11.1':
    resolution: {integrity: sha512-nhCBV3quEgesuf7c7KYfperqSS14T8bYuvJ8PcLJp6znkZpFc0AuW4qBtr8eKVyPPe/8RSr7sglCWPU5eaxwKQ==}

  '@anthropic-ai/sdk@0.101.0':
    resolution: {integrity: sha512-fw/Y7kCZPRZ1IuyDHGj0bCDTYLgsZgvgg01gVdbphHvpGMdOzGSYWGiSyzrRMMBWkbG1ijvuYaAQLKkAlQc3Ww==}
    hasBin: true
    peerDependencies:
      zod: ^3.25.0 || ^4.0.0
    peerDependenciesMeta:
      zod:
        optional: true

  '@babel/runtime@7.29.7':
    resolution: {integrity: sha512-Nq8OhGWiZIZGV6hLHoyAKLLcJihP/xFeBMGJoUrxTX2psI8dCifzLhZISFb+VWS3wFMRDmCGw5R+dOySCqPLhw==}
    engines: {node: '>=6.9.0'}

  '@esbuild/aix-ppc64@0.28.0':
    resolution: {integrity: sha512-lhRUCeuOyJQURhTxl4WkpFTjIsbDayJHih5kZC1giwE+MhIzAb7mEsQMqMf18rHLsrb5qI1tafG20mLxEWcWlA==}
    engines: {node: '>=18'}
    cpu: [ppc64]
    os: [aix]

  '@esbuild/android-arm64@0.28.0':
    resolution: {integrity: sha512-+WzIXQOSaGs33tLEgYPYe/yQHf0WTU0X42Jca3y8NWMbUVhp7rUnw+vAsRC/QiDrdD31IszMrZy+qwPOPjd+rw==}
    engines: {node: '>=18'}
    cpu: [arm64]
    os: [android]

  '@esbuild/android-arm@0.28.0':
    resolution: {integrity: sha512-wqh0ByljabXLKHeWXYLqoJ5jKC4XBaw6Hk08OfMrCRd2nP2ZQ5eleDZC41XHyCNgktBGYMbqnrJKq/K/lzPMSQ==}
    engines: {node: '>=18'}
    cpu: [arm]
    os: [android]

  '@esbuild/android-x64@0.28.0':
    resolution: {integrity: sha512-+VJggoaKhk2VNNqVL7f6S189UzShHC/mR9EE8rDdSkdpN0KflSwWY/gWjDrNxxisg8Fp1ZCD9jLMo4m0OUfeUA==}
    engines: {node: '>=18'}
    cpu: [x64]
    os: [android]

  '@esbuild/darwin-arm64@0.28.0':
    resolution: {integrity: sha512-0T+A9WZm+bZ84nZBtk1ckYsOvyA3x7e2Acj1KdVfV4/2tdG4fzUp91YHx+GArWLtwqp77pBXVCPn2We7Letr0Q==}
    engines: {node: '>=18'}
    cpu: [arm64]
    os: [darwin]

  '@esbuild/darwin-x64@0.28.0':
    resolution: {integrity: sha512-fyzLm/DLDl/84OCfp2f/XQ4flmORsjU7VKt8HLjvIXChJoFFOIL6pLJPH4Yhd1n1gGFF9mPwtlN5Wf82DZs+LQ==}
    engines: {node: '>=18'}
    cpu: [x64]
    os: [darwin]

  '@esbuild/freebsd-arm64@0.28.0':
    resolution: {integrity: sha512-l9GeW5UZBT9k9brBYI+0WDffcRxgHQD8ShN2Ur4xWq/NFzUKm3k5lsH4PdaRgb2w7mI9u61nr2gI2mLI27Nh3Q==}
    engines: {node: '>=18'}
    cpu: [arm64]
    os: [freebsd]

  '@esbuild/freebsd-x64@0.28.0':
    resolution: {integrity: sha512-BXoQai/A0wPO6Es3yFJ7APCiKGc1tdAEOgeTNy3SsB491S3aHn4S4r3e976eUnPdU+NbdtmBuLncYir2tMU9Nw==}
    engines: {node: '>=18'}
    cpu: [x64]
    os: [freebsd]

  '@esbuild/linux-arm64@0.28.0':
    resolution: {integrity: sha512-RVyzfb3FWsGA55n6WY0MEIEPURL1FcbhFE6BffZEMEekfCzCIMtB5yyDcFnVbTnwk+CLAgTujmV/Lgvih56W+A==}
    engines: {node: '>=18'}
    cpu: [arm64]
    os: [linux]

  '@esbuild/linux-arm@0.28.0':
    resolution: {integrity: sha512-CjaaREJagqJp7iTaNQjjidaNbCKYcd4IDkzbwwxtSvjI7NZm79qiHc8HqciMddQ6CKvJT6aBd8lO9kN/ZudLlw==}
    engines: {node: '>=18'}
    cpu: [arm]
    os: [linux]

  '@esbuild/linux-ia32@0.28.0':
    resolution: {integrity: sha512-KBnSTt1kxl9x70q+ydterVdl+Cn0H18ngRMRCEQfrbqdUuntQQ0LoMZv47uB97NljZFzY6HcfqEZ2SAyIUTQBQ==}
    engines: {node: '>=18'}
    cpu: [ia32]
    os: [linux]

  '@esbuild/linux-loong64@0.28.0':
    resolution: {integrity: sha512-zpSlUce1mnxzgBADvxKXX5sl8aYQHo2ezvMNI8I0lbblJtp8V4odlm3Yzlj7gPyt3T8ReksE6bK+pT3WD+aJRg==}
    engines: {node: '>=18'}
    cpu: [loong64]
    os: [linux]

  '@esbuild/linux-mips64el@0.28.0':
    resolution: {integrity: sha512-2jIfP6mmjkdmeTlsX/9vmdmhBmKADrWqN7zcdtHIeNSCH1SqIoNI63cYsjQR8J+wGa4Y5izRcSHSm8K3QWmk3w==}
    engines: {node: '>=18'}
    cpu: [mips64el]
    os: [linux]

  '@esbuild/linux-ppc64@0.28.0':
    resolution: {integrity: sha512-bc0FE9wWeC0WBm49IQMPSPILRocGTQt3j5KPCA8os6VprfuJ7KD+5PzESSrJ6GmPIPJK965ZJHTUlSA6GNYEhg==}
    engines: {node: '>=18'}
    cpu: [ppc64]
    os: [linux]

  '@esbuild/linux-riscv64@0.28.0':
    resolution: {integrity: sha512-SQPZOwoTTT/HXFXQJG/vBX8sOFagGqvZyXcgLA3NhIqcBv1BJU1d46c0rGcrij2B56Z2rNiSLaZOYW5cUk7yLQ==}
    engines: {node: '>=18'}
    cpu: [riscv64]
    os: [linux]

  '@esbuild/linux-s390x@0.28.0':
    resolution: {integrity: sha512-SCfR0HN8CEEjnYnySJTd2cw0k9OHB/YFzt5zgJEwa+wL/T/raGWYMBqwDNAC6dqFKmJYZoQBRfHjgwLHGSrn3Q==}
    engines: {node: '>=18'}
    cpu: [s390x]
    os: [linux]

  '@esbuild/linux-x64@0.28.0':
    resolution: {integrity: sha512-us0dSb9iFxIi8srnpl931Nvs65it/Jd2a2K3qs7fz2WfGPHqzfzZTfec7oxZJRNPXPnNYZtanmRc4AL/JwVzHQ==}
    engines: {node: '>=18'}
    cpu: [x64]
    os: [linux]

  '@esbuild/netbsd-arm64@0.28.0':
    resolution: {integrity: sha512-CR/RYotgtCKwtftMwJlUU7xCVNg3lMYZ0RzTmAHSfLCXw3NtZtNpswLEj/Kkf6kEL3Gw+BpOekRX0BYCtklhUw==}
    engines: {node: '>=18'}
    cpu: [arm64]
    os: [netbsd]

  '@esbuild/netbsd-x64@0.28.0':
    resolution: {integrity: sha512-nU1yhmYutL+fQ71Kxnhg8uEOdC0pwEW9entHykTgEbna2pw2dkbFSMeqjjyHZoCmt8SBkOSvV+yNmm94aUrrqw==}
    engines: {node: '>=18'}
    cpu: [x64]
    os: [netbsd]

  '@esbuild/openbsd-arm64@0.28.0':
    resolution: {integrity: sha512-cXb5vApOsRsxsEl4mcZ1XY3D4DzcoMxR/nnc4IyqYs0rTI8ZKmW6kyyg+11Z8yvgMfAEldKzP7AdP64HnSC/6g==}
    engines: {node: '>=18'}
    cpu: [arm64]
    os: [openbsd]

  '@esbuild/openbsd-x64@0.28.0':
    resolution: {integrity: sha512-8wZM2qqtv9UP3mzy7HiGYNH/zjTA355mpeuA+859TyR+e+Tc08IHYpLJuMsfpDJwoLo1ikIJI8jC3GFjnRClzA==}
    engines: {node: '>=18'}
    cpu: [x64]
    os: [openbsd]

  '@esbuild/openharmony-arm64@0.28.0':
    resolution: {integrity: sha512-FLGfyizszcef5C3YtoyQDACyg95+dndv79i2EekILBofh5wpCa1KuBqOWKrEHZg3zrL3t5ouE5jgr94vA+Wb2w==}
    engines: {node: '>=18'}
    cpu: [arm64]
    os: [openharmony]

  '@esbuild/sunos-x64@0.28.0':
    resolution: {integrity: sha512-1ZgjUoEdHZZl/YlV76TSCz9Hqj9h9YmMGAgAPYd+q4SicWNX3G5GCyx9uhQWSLcbvPW8Ni7lj4gDa1T40akdlw==}
    engines: {node: '>=18'}
    cpu: [x64]
    os: [sunos]

  '@esbuild/win32-arm64@0.28.0':
    resolution: {integrity: sha512-Q9StnDmQ/enxnpxCCLSg0oo4+34B9TdXpuyPeTedN/6+iXBJ4J+zwfQI28u/Jl40nOYAxGoNi7mFP40RUtkmUA==}
    engines: {node: '>=18'}
    cpu: [arm64]
    os: [win32]

  '@esbuild/win32-ia32@0.28.0':
    resolution: {integrity: sha512-zF3ag/gfiCe6U2iczcRzSYJKH1DCI+ByzSENHlM2FcDbEeo5Zd2C86Aq0tKUYAJJ1obRP84ymxIAksZUcdztHA==}
    engines: {node: '>=18'}
    cpu: [ia32]
    os: [win32]

  '@esbuild/win32-x64@0.28.0':
    resolution: {integrity: sha512-pEl1bO9mfAmIC+tW5btTmrKaujg3zGtUmWNdCw/xs70FBjwAL3o9OEKNHvNmnyylD6ubxUERiEhdsL0xBQ9efw==}
    engines: {node: '>=18'}
    cpu: [x64]
    os: [win32]

  '@inversifyjs/common@1.5.0':
    resolution: {integrity: sha512-Qj5BELk11AfI2rgZEAaLPmOftmQRLLmoCXgAjmaF0IngQN5vHomVT5ML7DZ3+CA5fgGcEVMcGbUDAun+Rz+oNg==}

  '@inversifyjs/container@1.9.1':
    resolution: {integrity: sha512-8EhjFoAx1LoD7TpCuP9ptitwc+7kVXEpZB0IeoEsCQb9sWaNYYaBi+7Lommu3/1nYxdMbX2t7AJhQnryT1EEsg==}
    peerDependencies:
      reflect-metadata: ~0.2.2

  '@inversifyjs/core@5.2.0':
    resolution: {integrity: sha512-MMaHGGRjQWT9uAof63sbZyEhRl4XptEAE17DJwrgUcN9LsdIEvecKP3r53pE9VF88PFR41knUKKzagUBvWLHmw==}

  '@inversifyjs/prototype-utils@0.1.0':
    resolution: {integrity: sha512-lNz1yyajMRDXBHLvJsYYX81FcmeD15e5Qz1zAZ/3zeYTl+u7ZF/GxNRKJzNOloeMPMtuR8BnvzHA1SZxjR+J9w==}

  '@inversifyjs/reflect-metadata-utils@1.1.0':
    resolution: {integrity: sha512-jmuAuC3eL1GnFAYfJGJOMKRDL9q1mgzOyrban6zxfM8Yg1FUHsj25h27bW2G7p8X1Amvhg3MLkaOuogszkrofA==}
    peerDependencies:
      reflect-metadata: 0.2.2

  '@ledgerhq/context-module@2.1.0':
    resolution: {integrity: sha512-t5mIA6DcxGafYF1xEHwAj6RyxvmTY5ZfnC/qxVf3PEF65+3J11qcw5Xs3pYWz49mSXQxjTiGKWs0JINiZagGWA==}
    peerDependencies:
      '@ledgerhq/device-management-kit': ^1.5.1

  '@ledgerhq/device-management-kit@1.5.1':
    resolution: {integrity: sha512-SYO2NRMcDH8UpQyU17jwRMaXQLnJgwtuvuF5SwTSLNTiRUNX//MVZCrhi7yvPf7/iCCWTmJ/vgqIME8SmCw2Pw==}
    peerDependencies:
      rxjs: 7.8.2

  '@ledgerhq/device-signer-kit-ethereum@1.16.0':
    resolution: {integrity: sha512-lRXCAHlNcZObazX4sQrD2fiVssolzJYjcyzH+9b2AKnV1bfxN5JCY4coIge/L+23LjDVhqibVK6jg8ioUJ4znQ==}
    peerDependencies:
      '@ledgerhq/context-module': ^2.0.0
      '@ledgerhq/device-management-kit': ^1.5.0

  '@ledgerhq/device-transport-kit-speculos@1.2.1':
    resolution: {integrity: sha512-lowqaGWtum+KrLgayz5Fu35Ep0AgtBMKo9FJoQ82ilNGli/PxSa4RqLLeWh/+L3CQtpyW8/89pBqSURQyldaYw==}
    peerDependencies:
      '@ledgerhq/device-management-kit': ^1.5.1
      rxjs: 7.8.2

  '@ledgerhq/signer-utils@1.2.0':
    resolution: {integrity: sha512-Ek4/NXGt6gfiZUmiAFE19534f8wnlQSHvZMsjmqCEktbJd/mYbzvTrvYeo0+PQPw2D/kTYD1fRC6ADKQRSBeGw==}
    peerDependencies:
      '@ledgerhq/device-management-kit': ^1.2.0

  '@noble/ciphers@1.3.0':
    resolution: {integrity: sha512-2I0gnIVPtfnMw9ee9h1dJG7tp81+8Ob3OJb3Mv37rx5L40/b0i7djjCVvGOVqc9AEIQyvyu1i6ypKdFw8R8gQw==}
    engines: {node: ^14.21.3 || >=16}

  '@noble/curves@1.2.0':
    resolution: {integrity: sha512-oYclrNgRaM9SsBUBVbb8M6DTV7ZHRTKugureoYEncY5c65HOmRzvSiTE3y5CYaPYJA/GVkrhXEoF0M3Ya9PMnw==}

  '@noble/curves@1.9.1':
    resolution: {integrity: sha512-k11yZxZg+t+gWvBbIswW0yoJlu8cHOC7dhunwOzoWH/mXGBiYyR4YY6hAEK/3EUs4UpB8la1RfdRpeGsFHkWsA==}
    engines: {node: ^14.21.3 || >=16}

  '@noble/hashes@1.3.2':
    resolution: {integrity: sha512-MVC8EAQp7MvEcm30KWENFjgR+Mkmf+D189XJTkFIlwohU5hcBbn1ZkKq7KVTi2Hme3PMGF390DaL52beVrIihQ==}
    engines: {node: '>= 16'}

  '@noble/hashes@1.8.0':
    resolution: {integrity: sha512-jCs9ldd7NwzpgXDIf6P3+NrHh9/sD6CQdxHyjQI+h/6rDNo88ypBxxz45UDuZHz9r3tNz7N/VInSVoVdtXEI4A==}
    engines: {node: ^14.21.3 || >=16}

  '@scure/base@1.2.6':
    resolution: {integrity: sha512-g/nm5FgUa//MCj1gV09zTJTaM6KBAHqLN907YVQqf7zC49+DcO4B1so4ZX07Ef10Twr6nuqYEH9GEggFXA4Fmg==}

  '@scure/bip32@1.7.0':
    resolution: {integrity: sha512-E4FFX/N3f4B80AKWp5dP6ow+flD1LQZo/w8UnLGYZO674jS6YnYeepycOOksv+vLPSpgN35wgKgy+ybfTb2SMw==}

  '@scure/bip39@1.6.0':
    resolution: {integrity: sha512-+lF0BbLiJNwVlev4eKelw1WWLaiKXw7sSl8T6FvBlWkdX+94aGJ4o8XjUdlyhTCjd8c+B3KT3JfS8P0bLRNU6A==}

  '@sentry/hub@6.19.7':
    resolution: {integrity: sha512-y3OtbYFAqKHCWezF0EGGr5lcyI2KbaXW2Ik7Xp8Mu9TxbSTuwTe4rTntwg8ngPjUQU3SUHzgjqVB8qjiGqFXCA==}
    engines: {node: '>=6'}

  '@sentry/minimal@6.19.7':
    resolution: {integrity: sha512-wcYmSJOdvk6VAPx8IcmZgN08XTXRwRtB1aOLZm+MVHjIZIhHoBGZJYTVQS/BWjldsamj2cX3YGbGXNunaCfYJQ==}
    engines: {node: '>=6'}

  '@sentry/types@6.19.7':
    resolution: {integrity: sha512-jH84pDYE+hHIbVnab3Hr+ZXr1v8QABfhx39KknxqKWr2l0oEItzepV0URvbEhB446lk/S/59230dlUUIBGsXbg==}
    engines: {node: '>=6'}

  '@sentry/utils@6.19.7':
    resolution: {integrity: sha512-z95ECmE3i9pbWoXQrD/7PgkBAzJYR+iXtPuTkpBjDKs86O3mT+PXOT3BAn79w2wkn7/i3vOGD2xVr1uiMl26dA==}
    engines: {node: '>=6'}

  '@stablelib/base64@1.0.1':
    resolution: {integrity: sha512-1bnPQqSxSuc3Ii6MhBysoWCg58j97aUjuCSZrGSmDxNqtytIi0k8utUenAwTZN4V5mXXYGsVUI9zeBqy+jBOSQ==}

  '@types/json-schema@7.0.15':
    resolution: {integrity: sha512-5+fP8P8MFNC+AyZCDxrB2pkZFPGzqQWUzpSeuuVLvm8VMcorNYavBqoFcxK8bQz4Qsbn4oUEEem4wDLfcysGHA==}

  '@types/node@22.7.5':
    resolution: {integrity: sha512-jML7s2NAzMWc//QSJ1a3prpk78cOPchGvXJsC3C6R6PSMoooztvRVQEz89gmBTBY1SPMaqo5teB4uNHPdetShQ==}

  '@types/node@25.9.2':
    resolution: {integrity: sha512-G05zqtJhcDLb8uslf5EjCxXg9G1KQxiV8OS0R26IC//Eoyitzqe8z37I7cqvnZlrlSfgocQRfSn/AHBZJJFyGw==}

  abitype@1.2.3:
    resolution: {integrity: sha512-Ofer5QUnuUdTFsBRwARMoWKOH1ND5ehwYhJ3OJ/BQO+StkwQjHw0XyVh4vDttzHB7QOFhPHa/o413PJ82gU/Tg==}
    peerDependencies:
      typescript: '>=5.0.4'
      zod: ^3.22.0 || ^4.0.0
    peerDependenciesMeta:
      typescript:
        optional: true
      zod:
        optional: true

  aes-js@4.0.0-beta.5:
    resolution: {integrity: sha512-G965FqalsNyrPqgEGON7nIx1e/OVENSgiEIzyC63haUMuvNnwIgIjMs52hlTCKhkBny7A2ORNlfY9Zu+jmGk1Q==}

  base-x@5.0.1:
    resolution: {integrity: sha512-M7uio8Zt++eg3jPj+rHMfCC+IuygQHHCOU+IYsVtik6FWjuYpVt/+MRKcgsAMHh8mMFAwnB+Bs+mTrFiXjMzKg==}

  bs58@6.0.0:
    resolution: {integrity: sha512-PD0wEnEYg6ijszw/u8s+iI3H17cTymlrwkKhDhPZq+Sokl3AU4htyBFTjAeNAlCCmg0f53g6ih3jATyCKftTfw==}

  call-bind-apply-helpers@1.0.2:
    resolution: {integrity: sha512-Sp1ablJ0ivDkSzjcaJdxEunN5/XvksFJ2sMBFfq6x0ryhQV/2b/KwFe21cMpmHtPOSij8K99/wSfoEuTObmuMQ==}
    engines: {node: '>= 0.4'}

  call-bound@1.0.4:
    resolution: {integrity: sha512-+ys997U96po4Kx/ABpBCqhA9EuxJaQWDQg7295H4hBphv3IZg0boBKuwYpt4YXp6MZ5AmZQnU/tyMTlRpaSejg==}
    engines: {node: '>= 0.4'}

  crypto-js@4.2.0:
    resolution: {integrity: sha512-KALDyEYgpY+Rlob/iriUtjV6d5Eq+Y191A5g4UqLAi8CyGP9N1+FdVbkc1SxKc2r4YAYqG8JzO2KGL+AizD70Q==}

  dotenv@17.4.2:
    resolution: {integrity: sha512-nI4U3TottKAcAD9LLud4Cb7b2QztQMUEfHbvhTH09bqXTxnSie8WnjPALV/WMCrJZ6UV/qHJ6L03OqO3LcdYZw==}
    engines: {node: '>=12'}

  dunder-proto@1.0.1:
    resolution: {integrity: sha512-KIN/nDJBQRcXw0MLVhZE9iQHmG68qAVIBg9CqmUYjmQIhgij9U5MFvrqkUL5FbtyyzZuOeOt0zdeRe4UY7ct+A==}
    engines: {node: '>= 0.4'}

  es-define-property@1.0.1:
    resolution: {integrity: sha512-e3nRfgfUZ4rNGL232gUgX06QNyyez04KdjFrF+LTRoOXmrOgFKDg4BCdsjW8EnT69eqdYGmRpJwiPVYNrCaW3g==}
    engines: {node: '>= 0.4'}

  es-errors@1.3.0:
    resolution: {integrity: sha512-Zf5H2Kxt2xjTvbJvP2ZWLEICxA6j+hAmMzIlypy4xcBg1vKVnx89Wy0GbS+kf5cwCVFFzdCFh2XSCFNULS6csw==}
    engines: {node: '>= 0.4'}

  es-object-atoms@1.1.2:
    resolution: {integrity: sha512-HWcBoN6NileqtSydK2FqHbS/LoDd2pqrnQHLyJzBj4kOp/ky2MWMN694xOfkK8/SnUsW2DH7EfyVlydKCsm1Zw==}
    engines: {node: '>= 0.4'}

  esbuild@0.28.0:
    resolution: {integrity: sha512-sNR9MHpXSUV/XB4zmsFKN+QgVG82Cc7+/aaxJ8Adi8hyOac+EXptIp45QBPaVyX3N70664wRbTcLTOemCAnyqw==}
    engines: {node: '>=18'}
    hasBin: true

  ethers@6.14.1:
    resolution: {integrity: sha512-JnFiPFi3sK2Z6y7jZ3qrafDMwiXmU+6cNZ0M+kPq+mTy9skqEzwqAdFW3nb/em2xjlIVXX6Lz8ID6i3LmS4+fQ==}
    engines: {node: '>=14.0.0'}

  eventemitter3@5.0.1:
    resolution: {integrity: sha512-GWkBvjiSZK87ELrYOSESUYeVIc9mvLLf/nXalMOS5dYrgZq9o5OVkbZAVM06CVxYsCwH9BDZFPlQTlPA1j4ahA==}

  fast-sha256@1.3.0:
    resolution: {integrity: sha512-n11RGP/lrWEFI/bWdygLxhI+pVeo1ZYIVwvvPkW7azl/rOy+F3HYRZ2K5zeE9mmkhQppyv9sQFx0JM9UabnpPQ==}

  fsevents@2.3.3:
    resolution: {integrity: sha512-5xoDfX+fL7faATnagmWPpbFtwh/R77WmMMqqHGS65C3vvB0YHrgF+B1YmZ3441tMj5n63k0212XNoJwzlhffQw==}
    engines: {node: ^8.16.0 || ^10.6.0 || >=11.0.0}
    os: [darwin]

  function-bind@1.1.2:
    resolution: {integrity: sha512-7XHNxH7qX9xG5mIwxkhumTox/MIRNcOgDrxWsMt2pAr23WHp6MrRlN7FBSFpCpr+oVO0F744iUgR82nJMfG2SA==}

  get-intrinsic@1.3.0:
    resolution: {integrity: sha512-9fSjSaos/fRIVIp+xSJlE6lfwhES7LNtKaCBIamHsjr2na1BiABJPo0mOjjz8GJDURarmCPGqaiVg5mfjb98CQ==}
    engines: {node: '>= 0.4'}

  get-proto@1.0.1:
    resolution: {integrity: sha512-sTSfBjoXBp89JvIKIefqw7U2CCebsc74kiY6awiGogKtoSGbgjYE/G/+l9sF3MWFPNc9IcoOC4ODfKHfxFmp0g==}
    engines: {node: '>= 0.4'}

  gopd@1.2.0:
    resolution: {integrity: sha512-ZUKRh6/kUFoAiTAtTYPZJ3hw9wNxx+BIBOijnlG9PnrJsCcSjs1wyyD6vJpaYtgnzDrKYRSqf3OO6Rfa93xsRg==}
    engines: {node: '>= 0.4'}

  has-symbols@1.1.0:
    resolution: {integrity: sha512-1cDNdwJ2Jaohmb3sg4OmKaMBwuC48sYni5HUw2DvsC8LjGTLK9h+eb1X6RyuOHe4hT0ULCW68iomhjUoKUqlPQ==}
    engines: {node: '>= 0.4'}

  hasown@2.0.4:
    resolution: {integrity: sha512-T2UbfbBEF32wiepXIsMlTW9+dDYC6wMh/t/vYA4tuOMKqWz/n3vr1NFSxQiyP+zk2mXsoMA/i/7qV6LKut1t1A==}
    engines: {node: '>= 0.4'}

  inversify@7.5.1:
    resolution: {integrity: sha512-oWWFDU2BXiuqZynGcLDDD4tqiWAeaEUCALlCj0vk/QwHGgZY/tzDFPuTmWMY3jwRmDIHxVDkcj9SL3MFTlCEDw==}
    peerDependencies:
      reflect-metadata: ~0.2.2

  isomorphic-ws@5.0.0:
    resolution: {integrity: sha512-muId7Zzn9ywDsyXgTIafTry2sV3nySZeUDe6YedVd1Hvuuep5AsIlqK+XefWpYTyJG5e503F2xIuT2lcU6rCSw==}
    peerDependencies:
      ws: '*'

  isows@1.0.7:
    resolution: {integrity: sha512-I1fSfDCZL5P0v33sVqeTDSpcstAg/N+wF5HS033mogOVIp4B+oHC7oOCsA3axAbBSGTJ8QubbNmnIRN/h8U7hg==}
    peerDependencies:
      ws: '*'

  json-schema-to-ts@3.1.1:
    resolution: {integrity: sha512-+DWg8jCJG2TEnpy7kOm/7/AxaYoaRbjVB4LFZLySZlWn8exGs3A4OLJR966cVvU26N7X9TWxl+Jsw7dzAqKT6g==}
    engines: {node: '>=16'}

  math-intrinsics@1.1.0:
    resolution: {integrity: sha512-/IXtbwEk5HTPyEwyKX6hGkYXxM9nbj64B+ilVJnC/R6B0pH5G4V3b0pVbL7DBj4tkhBAppbQUlf6F6Xl9LHu1g==}
    engines: {node: '>= 0.4'}

  object-inspect@1.13.4:
    resolution: {integrity: sha512-W67iLl4J2EXEGTbfeHCffrjDfitvLANg0UlX3wFUUSTx92KXRFegMHUVgSqE+wvhAbi4WqjGg9czysTV2Epbew==}
    engines: {node: '>= 0.4'}

  ox@0.14.29:
    resolution: {integrity: sha512-M5j87Ec4V99MQdRct/g09eWXW60g6zhHTUs1lr4deUtrPDnezBdCJTgKd7pxqTpSZBFveV0ALi9jMMuT1qKyNg==}
    peerDependencies:
      typescript: '>=5.4.0'
    peerDependenciesMeta:
      typescript:
        optional: true

  punycode@1.4.1:
    resolution: {integrity: sha512-jmYNElW7yvO7TV33CjSmvSiE2yco3bV2czu/OzDKdMNVZQWfxCblURLhf+47syQRBntjfLdd/H0egrzIG+oaFQ==}

  purify-ts@2.1.0:
    resolution: {integrity: sha512-+KNUHV9FxB9BbjadFdvxa+LNJIaqZmSF7CQH5Rv6+f0rBzsxm9FEqrvkALQbWYJobAja2ZCbBDUY7O4fH2znMA==}

  qs@6.15.2:
    resolution: {integrity: sha512-Rzq0KEyX/w/tEybncDgdkZrJgVUsUMk3xjh3t5bv3S1HTAtg+uOYt72+ZfwiQwKdysThkTBdL/rTi6HDmX9Ddw==}
    engines: {node: '>=0.6'}

  reflect-metadata@0.2.2:
    resolution: {integrity: sha512-urBwgfrvVP/eAyXx4hluJivBKzuEbSQs9rKWCrCkbSxNv8mxPcUZKeuoF3Uy4mJl3Lwprp6yy5/39VWigZ4K6Q==}

  rxjs@7.8.2:
    resolution: {integrity: sha512-dhKf903U/PQZY6boNNtAGdWbG85WAbjT/1xYoZIC7FAY0yWapOBQVsVrDl58W86//e1VpMNBtRV4MaXfdMySFA==}

  semver@7.7.2:
    resolution: {integrity: sha512-RF0Fw+rO5AMf9MAyaRXI4AV0Ulj5lMHqVxxdSgiVbixSCXoEmmX/jk0CuJw4+3SqroYO9VoUh+HcuJivvtJemA==}
    engines: {node: '>=10'}
    hasBin: true

  side-channel-list@1.0.1:
    resolution: {integrity: sha512-mjn/0bi/oUURjc5Xl7IaWi/OJJJumuoJFQJfDDyO46+hBWsfaVM65TBHq2eoZBhzl9EchxOijpkbRC8SVBQU0w==}
    engines: {node: '>= 0.4'}

  side-channel-map@1.0.1:
    resolution: {integrity: sha512-VCjCNfgMsby3tTdo02nbjtM/ewra6jPHmpThenkTYh8pG9ucZ/1P8So4u4FGBek/BjpOVsDCMoLA/iuBKIFXRA==}
    engines: {node: '>= 0.4'}

  side-channel-weakmap@1.0.2:
    resolution: {integrity: sha512-WPS/HvHQTYnHisLo9McqBHOJk2FkHO/tlpvldyrnem4aeQp4hai3gythswg6p01oSoTl58rcpiFAjF2br2Ak2A==}
    engines: {node: '>= 0.4'}

  side-channel@1.1.0:
    resolution: {integrity: sha512-ZX99e6tRweoUXqR+VBrslhda51Nh5MTQwou5tnUDgbtyM0dBgmhEDtWGP/xbKn6hqfPRHujUNwz5fy/wbbhnpw==}
    engines: {node: '>= 0.4'}

  standardwebhooks@1.0.0:
    resolution: {integrity: sha512-BbHGOQK9olHPMvQNHWul6MYlrRTAOKn03rOe4A8O3CLWhNf4YHBqq2HJKKC+sfqpxiBY52pNeesD6jIiLDz8jg==}

  ts-algebra@2.0.0:
    resolution: {integrity: sha512-FPAhNPFMrkwz76P7cdjdmiShwMynZYN6SgOujD1urY4oNm80Ou9oMdmbR45LotcKOXoy7wSmHkRFE6Mxbrhefw==}

  tslib@1.14.1:
    resolution: {integrity: sha512-Xni35NKzjgMrwevysHTCArtLDpPvye8zV/0E4EyYn43P7/7qvQwPh9BGkHewbMulVntbigmcT7rdX3BNo9wRJg==}

  tslib@2.7.0:
    resolution: {integrity: sha512-gLXCKdN1/j47AiHiOkJN69hJmcbGTHI0ImLmbYLHykhgeN0jVGola9yVjFgzCUklsZQMW55o+dW7IXv3RCXDzA==}

  tslib@2.8.1:
    resolution: {integrity: sha512-oJFu94HQb+KVduSUQL7wnpmqnfmLsOA/nAh6b6EH0wCEoK0/mPeXU6c3wKDV83MkOuHPRHtSXKKU99IBazS/2w==}

  tsx@4.22.4:
    resolution: {integrity: sha512-X8EX+XV4QR5xCsrgxaED954zTDfY8KqlDtskKEL0cHhyS/P8b4IFOvGDQpsC9Q1XnLq915wEfwwY/zzskCtmhg==}
    engines: {node: '>=18.0.0'}
    hasBin: true

  typescript@6.0.3:
    resolution: {integrity: sha512-y2TvuxSZPDyQakkFRPZHKFm+KKVqIisdg9/CZwm9ftvKXLP8NRWj38/ODjNbr43SsoXqNuAisEf1GdCxqWcdBw==}
    engines: {node: '>=14.17'}
    hasBin: true

  undici-types@6.19.8:
    resolution: {integrity: sha512-ve2KP6f/JnbPBFyobGHuerC9g1FYGn/F8n1LWTwNxCEzd6IfqTwUQcNXgEtmmQ6DlRrC1hrSrBnCZPokRrDHjw==}

  undici-types@7.24.6:
    resolution: {integrity: sha512-WRNW+sJgj5OBN4/0JpHFqtqzhpbnV0GuB+OozA9gCL7a993SmU+1JBZCzLNxYsbMfIeDL+lTsphD5jN5N+n0zg==}

  url@0.11.4:
    resolution: {integrity: sha512-oCwdVC7mTuWiPyjLUz/COz5TLk6wgp0RCsN+wHZ2Ekneac9w8uuV0njcbbie2ME+Vs+d6duwmYuR3HgQXs1fOg==}
    engines: {node: '>= 0.4'}

  uuid@11.0.3:
    resolution: {integrity: sha512-d0z310fCWv5dJwnX1Y/MncBAqGMKEzlBb1AOf7z9K8ALnd0utBX/msg/fA0+sbyN1ihbMsLhrBlnl1ak7Wa0rg==}
    hasBin: true

  viem@2.52.2:
    resolution: {integrity: sha512-HSU12p5aD/kAPZfrlbCUqdiP4P/c6hQ9AhfTS51VbLUQIjkWd1d5EjrCx/SCxZ0zhZVRn4Iv5X5WDqXPG8Ubew==}
    peerDependencies:
      typescript: '>=5.0.4'
    peerDependenciesMeta:
      typescript:
        optional: true

  ws@8.17.1:
    resolution: {integrity: sha512-6XQFvXTkbfUOZOKKILFG1PDK2NDQs4azKQl26T0YS5CxqWLgXajbPZ+h4gZekJyRqFU8pvnbAbbs/3TgRPy+GQ==}
    engines: {node: '>=10.0.0'}
    peerDependencies:
      bufferutil: ^4.0.1
      utf-8-validate: '>=5.0.2'
    peerDependenciesMeta:
      bufferutil:
        optional: true
      utf-8-validate:
        optional: true

  ws@8.20.1:
    resolution: {integrity: sha512-It4dO0K5v//JtTXuPkfEOaI3uUN87iYPnqo/ZzqCoG3g8uhA66QUMs/SrM0YK7/NAu+r4LMh/9dq2A7k+rHs+w==}
    engines: {node: '>=10.0.0'}
    peerDependencies:
      bufferutil: ^4.0.1
      utf-8-validate: '>=5.0.2'
    peerDependenciesMeta:
      bufferutil:
        optional: true
      utf-8-validate:
        optional: true

  ws@8.21.0:
    resolution: {integrity: sha512-Vsp28b7DRcimFQvrqu2Wek3z1iYxDCWqHYB8Qsnk/S4RfaCQzPGPyBNuVjJV3cd6UiKtUtp6sNM77gWvzcCH+g==}
    engines: {node: '>=10.0.0'}
    peerDependencies:
      bufferutil: ^4.0.1
      utf-8-validate: '>=5.0.2'
    peerDependenciesMeta:
      bufferutil:
        optional: true
      utf-8-validate:
        optional: true

  xstate@5.19.2:
    resolution: {integrity: sha512-B8fL2aP0ogn5aviAXFzI5oZseAMqN00fg/TeDa3ZtatyDcViYLIfuQl4y8qmHCiKZgGEzmnTyNtNQL9oeJE2gw==}

snapshots:

  '@adraffy/ens-normalize@1.10.1': {}

  '@adraffy/ens-normalize@1.11.1': {}

  '@anthropic-ai/sdk@0.101.0':
    dependencies:
      json-schema-to-ts: 3.1.1
      standardwebhooks: 1.0.0

  '@babel/runtime@7.29.7': {}

  '@esbuild/aix-ppc64@0.28.0':
    optional: true

  '@esbuild/android-arm64@0.28.0':
    optional: true

  '@esbuild/android-arm@0.28.0':
    optional: true

  '@esbuild/android-x64@0.28.0':
    optional: true

  '@esbuild/darwin-arm64@0.28.0':
    optional: true

  '@esbuild/darwin-x64@0.28.0':
    optional: true

  '@esbuild/freebsd-arm64@0.28.0':
    optional: true

  '@esbuild/freebsd-x64@0.28.0':
    optional: true

  '@esbuild/linux-arm64@0.28.0':
    optional: true

  '@esbuild/linux-arm@0.28.0':
    optional: true

  '@esbuild/linux-ia32@0.28.0':
    optional: true

  '@esbuild/linux-loong64@0.28.0':
    optional: true

  '@esbuild/linux-mips64el@0.28.0':
    optional: true

  '@esbuild/linux-ppc64@0.28.0':
    optional: true

  '@esbuild/linux-riscv64@0.28.0':
    optional: true

  '@esbuild/linux-s390x@0.28.0':
    optional: true

  '@esbuild/linux-x64@0.28.0':
    optional: true

  '@esbuild/netbsd-arm64@0.28.0':
    optional: true

  '@esbuild/netbsd-x64@0.28.0':
    optional: true

  '@esbuild/openbsd-arm64@0.28.0':
    optional: true

  '@esbuild/openbsd-x64@0.28.0':
    optional: true

  '@esbuild/openharmony-arm64@0.28.0':
    optional: true

  '@esbuild/sunos-x64@0.28.0':
    optional: true

  '@esbuild/win32-arm64@0.28.0':
    optional: true

  '@esbuild/win32-ia32@0.28.0':
    optional: true

  '@esbuild/win32-x64@0.28.0':
    optional: true

  '@inversifyjs/common@1.5.0': {}

  '@inversifyjs/container@1.9.1(reflect-metadata@0.2.2)':
    dependencies:
      '@inversifyjs/common': 1.5.0
      '@inversifyjs/core': 5.2.0(reflect-metadata@0.2.2)
      '@inversifyjs/reflect-metadata-utils': 1.1.0(reflect-metadata@0.2.2)
      reflect-metadata: 0.2.2

  '@inversifyjs/core@5.2.0(reflect-metadata@0.2.2)':
    dependencies:
      '@inversifyjs/common': 1.5.0
      '@inversifyjs/prototype-utils': 0.1.0
      '@inversifyjs/reflect-metadata-utils': 1.1.0(reflect-metadata@0.2.2)
    transitivePeerDependencies:
      - reflect-metadata

  '@inversifyjs/prototype-utils@0.1.0':
    dependencies:
      '@inversifyjs/common': 1.5.0

  '@inversifyjs/reflect-metadata-utils@1.1.0(reflect-metadata@0.2.2)':
    dependencies:
      reflect-metadata: 0.2.2

  '@ledgerhq/context-module@2.1.0(@ledgerhq/device-management-kit@1.5.1(rxjs@7.8.2))':
    dependencies:
      '@ledgerhq/device-management-kit': 1.5.1(rxjs@7.8.2)
      bs58: 6.0.0
      crypto-js: 4.2.0
      ethers: 6.14.1
      inversify: 7.5.1(reflect-metadata@0.2.2)
      purify-ts: 2.1.0
      reflect-metadata: 0.2.2
    transitivePeerDependencies:
      - bufferutil
      - utf-8-validate

  '@ledgerhq/device-management-kit@1.5.1(rxjs@7.8.2)':
    dependencies:
      '@noble/hashes': 1.8.0
      '@sentry/minimal': 6.19.7
      inversify: 7.5.1(reflect-metadata@0.2.2)
      isomorphic-ws: 5.0.0(ws@8.21.0)
      purify-ts: 2.1.0
      reflect-metadata: 0.2.2
      rxjs: 7.8.2
      semver: 7.7.2
      url: 0.11.4
      uuid: 11.0.3
      ws: 8.21.0
      xstate: 5.19.2
    transitivePeerDependencies:
      - bufferutil
      - utf-8-validate

  '@ledgerhq/device-signer-kit-ethereum@1.16.0(@ledgerhq/context-module@2.1.0(@ledgerhq/device-management-kit@1.5.1(rxjs@7.8.2)))(@ledgerhq/device-management-kit@1.5.1(rxjs@7.8.2))':
    dependencies:
      '@ledgerhq/context-module': 2.1.0(@ledgerhq/device-management-kit@1.5.1(rxjs@7.8.2))
      '@ledgerhq/device-management-kit': 1.5.1(rxjs@7.8.2)
      '@ledgerhq/signer-utils': 1.2.0(@ledgerhq/device-management-kit@1.5.1(rxjs@7.8.2))
      ethers: 6.14.1
      inversify: 7.5.1(reflect-metadata@0.2.2)
      purify-ts: 2.1.0
      reflect-metadata: 0.2.2
      semver: 7.7.2
      xstate: 5.19.2
    transitivePeerDependencies:
      - bufferutil
      - utf-8-validate

  '@ledgerhq/device-transport-kit-speculos@1.2.1(@ledgerhq/device-management-kit@1.5.1(rxjs@7.8.2))(rxjs@7.8.2)':
    dependencies:
      '@ledgerhq/device-management-kit': 1.5.1(rxjs@7.8.2)
      '@sentry/minimal': 6.19.7
      purify-ts: 2.1.0
      rxjs: 7.8.2

  '@ledgerhq/signer-utils@1.2.0(@ledgerhq/device-management-kit@1.5.1(rxjs@7.8.2))':
    dependencies:
      '@ledgerhq/device-management-kit': 1.5.1(rxjs@7.8.2)
      semver: 7.7.2

  '@noble/ciphers@1.3.0': {}

  '@noble/curves@1.2.0':
    dependencies:
      '@noble/hashes': 1.3.2

  '@noble/curves@1.9.1':
    dependencies:
      '@noble/hashes': 1.8.0

  '@noble/hashes@1.3.2': {}

  '@noble/hashes@1.8.0': {}

  '@scure/base@1.2.6': {}

  '@scure/bip32@1.7.0':
    dependencies:
      '@noble/curves': 1.9.1
      '@noble/hashes': 1.8.0
      '@scure/base': 1.2.6

  '@scure/bip39@1.6.0':
    dependencies:
      '@noble/hashes': 1.8.0
      '@scure/base': 1.2.6

  '@sentry/hub@6.19.7':
    dependencies:
      '@sentry/types': 6.19.7
      '@sentry/utils': 6.19.7
      tslib: 1.14.1

  '@sentry/minimal@6.19.7':
    dependencies:
      '@sentry/hub': 6.19.7
      '@sentry/types': 6.19.7
      tslib: 1.14.1

  '@sentry/types@6.19.7': {}

  '@sentry/utils@6.19.7':
    dependencies:
      '@sentry/types': 6.19.7
      tslib: 1.14.1

  '@stablelib/base64@1.0.1': {}

  '@types/json-schema@7.0.15': {}

  '@types/node@22.7.5':
    dependencies:
      undici-types: 6.19.8

  '@types/node@25.9.2':
    dependencies:
      undici-types: 7.24.6

  abitype@1.2.3(typescript@6.0.3):
    optionalDependencies:
      typescript: 6.0.3

  aes-js@4.0.0-beta.5: {}

  base-x@5.0.1: {}

  bs58@6.0.0:
    dependencies:
      base-x: 5.0.1

  call-bind-apply-helpers@1.0.2:
    dependencies:
      es-errors: 1.3.0
      function-bind: 1.1.2

  call-bound@1.0.4:
    dependencies:
      call-bind-apply-helpers: 1.0.2
      get-intrinsic: 1.3.0

  crypto-js@4.2.0: {}

  dotenv@17.4.2: {}

  dunder-proto@1.0.1:
    dependencies:
      call-bind-apply-helpers: 1.0.2
      es-errors: 1.3.0
      gopd: 1.2.0

  es-define-property@1.0.1: {}

  es-errors@1.3.0: {}

  es-object-atoms@1.1.2:
    dependencies:
      es-errors: 1.3.0

  esbuild@0.28.0:
    optionalDependencies:
      '@esbuild/aix-ppc64': 0.28.0
      '@esbuild/android-arm': 0.28.0
      '@esbuild/android-arm64': 0.28.0
      '@esbuild/android-x64': 0.28.0
      '@esbuild/darwin-arm64': 0.28.0
      '@esbuild/darwin-x64': 0.28.0
      '@esbuild/freebsd-arm64': 0.28.0
      '@esbuild/freebsd-x64': 0.28.0
      '@esbuild/linux-arm': 0.28.0
      '@esbuild/linux-arm64': 0.28.0
      '@esbuild/linux-ia32': 0.28.0
      '@esbuild/linux-loong64': 0.28.0
      '@esbuild/linux-mips64el': 0.28.0
      '@esbuild/linux-ppc64': 0.28.0
      '@esbuild/linux-riscv64': 0.28.0
      '@esbuild/linux-s390x': 0.28.0
      '@esbuild/linux-x64': 0.28.0
      '@esbuild/netbsd-arm64': 0.28.0
      '@esbuild/netbsd-x64': 0.28.0
      '@esbuild/openbsd-arm64': 0.28.0
      '@esbuild/openbsd-x64': 0.28.0
      '@esbuild/openharmony-arm64': 0.28.0
      '@esbuild/sunos-x64': 0.28.0
      '@esbuild/win32-arm64': 0.28.0
      '@esbuild/win32-ia32': 0.28.0
      '@esbuild/win32-x64': 0.28.0

  ethers@6.14.1:
    dependencies:
      '@adraffy/ens-normalize': 1.10.1
      '@noble/curves': 1.2.0
      '@noble/hashes': 1.3.2
      '@types/node': 22.7.5
      aes-js: 4.0.0-beta.5
      tslib: 2.7.0
      ws: 8.17.1
    transitivePeerDependencies:
      - bufferutil
      - utf-8-validate

  eventemitter3@5.0.1: {}

  fast-sha256@1.3.0: {}

  fsevents@2.3.3:
    optional: true

  function-bind@1.1.2: {}

  get-intrinsic@1.3.0:
    dependencies:
      call-bind-apply-helpers: 1.0.2
      es-define-property: 1.0.1
      es-errors: 1.3.0
      es-object-atoms: 1.1.2
      function-bind: 1.1.2
      get-proto: 1.0.1
      gopd: 1.2.0
      has-symbols: 1.1.0
      hasown: 2.0.4
      math-intrinsics: 1.1.0

  get-proto@1.0.1:
    dependencies:
      dunder-proto: 1.0.1
      es-object-atoms: 1.1.2

  gopd@1.2.0: {}

  has-symbols@1.1.0: {}

  hasown@2.0.4:
    dependencies:
      function-bind: 1.1.2

  inversify@7.5.1(reflect-metadata@0.2.2):
    dependencies:
      '@inversifyjs/common': 1.5.0
      '@inversifyjs/container': 1.9.1(reflect-metadata@0.2.2)
      '@inversifyjs/core': 5.2.0(reflect-metadata@0.2.2)
      reflect-metadata: 0.2.2

  isomorphic-ws@5.0.0(ws@8.21.0):
    dependencies:
      ws: 8.21.0

  isows@1.0.7(ws@8.20.1):
    dependencies:
      ws: 8.20.1

  json-schema-to-ts@3.1.1:
    dependencies:
      '@babel/runtime': 7.29.7
      ts-algebra: 2.0.0

  math-intrinsics@1.1.0: {}

  object-inspect@1.13.4: {}

  ox@0.14.29(typescript@6.0.3):
    dependencies:
      '@adraffy/ens-normalize': 1.11.1
      '@noble/ciphers': 1.3.0
      '@noble/curves': 1.9.1
      '@noble/hashes': 1.8.0
      '@scure/bip32': 1.7.0
      '@scure/bip39': 1.6.0
      abitype: 1.2.3(typescript@6.0.3)
      eventemitter3: 5.0.1
    optionalDependencies:
      typescript: 6.0.3
    transitivePeerDependencies:
      - zod

  punycode@1.4.1: {}

  purify-ts@2.1.0:
    dependencies:
      '@types/json-schema': 7.0.15

  qs@6.15.2:
    dependencies:
      side-channel: 1.1.0

  reflect-metadata@0.2.2: {}

  rxjs@7.8.2:
    dependencies:
      tslib: 2.8.1

  semver@7.7.2: {}

  side-channel-list@1.0.1:
    dependencies:
      es-errors: 1.3.0
      object-inspect: 1.13.4

  side-channel-map@1.0.1:
    dependencies:
      call-bound: 1.0.4
      es-errors: 1.3.0
      get-intrinsic: 1.3.0
      object-inspect: 1.13.4

  side-channel-weakmap@1.0.2:
    dependencies:
      call-bound: 1.0.4
      es-errors: 1.3.0
      get-intrinsic: 1.3.0
      object-inspect: 1.13.4
      side-channel-map: 1.0.1

  side-channel@1.1.0:
    dependencies:
      es-errors: 1.3.0
      object-inspect: 1.13.4
      side-channel-list: 1.0.1
      side-channel-map: 1.0.1
      side-channel-weakmap: 1.0.2

  standardwebhooks@1.0.0:
    dependencies:
      '@stablelib/base64': 1.0.1
      fast-sha256: 1.3.0

  ts-algebra@2.0.0: {}

  tslib@1.14.1: {}

  tslib@2.7.0: {}

  tslib@2.8.1: {}

  tsx@4.22.4:
    dependencies:
      esbuild: 0.28.0
    optionalDependencies:
      fsevents: 2.3.3

  typescript@6.0.3: {}

  undici-types@6.19.8: {}

  undici-types@7.24.6: {}

  url@0.11.4:
    dependencies:
      punycode: 1.4.1
      qs: 6.15.2

  uuid@11.0.3: {}

  viem@2.52.2(typescript@6.0.3):
    dependencies:
      '@noble/curves': 1.9.1
      '@noble/hashes': 1.8.0
      '@scure/bip32': 1.7.0
      '@scure/bip39': 1.6.0
      abitype: 1.2.3(typescript@6.0.3)
      isows: 1.0.7(ws@8.20.1)
      ox: 0.14.29(typescript@6.0.3)
      ws: 8.20.1
    optionalDependencies:
      typescript: 6.0.3
    transitivePeerDependencies:
      - bufferutil
      - utf-8-validate
      - zod

  ws@8.17.1: {}

  ws@8.20.1: {}

  ws@8.21.0: {}

  xstate@5.19.2: {}
